
Microsoft Visual Studio Solution File, Format Version 12.00
# Visual Studio Version 16
VisualStudioVersion = 16.0.30204.135
MinimumVisualStudioVersion = 10.0.40219.1
Project("{FAE04EC0-301F-11D3-BF4B-00C04F79EFBC}") = "Api", "Api\Api.csproj", "{90E636DB-64F9-4312-8187-29ACB35D0829}"
EndProject
Project("{FAE04EC0-301F-11D3-BF4B-00C04F79EFBC}") = "Api.BLL", "Api.BLL\Api.BLL.csproj", "{D05FF737-20B6-4E99-85B7-B11E7B1AC2A3}"
EndProject
Project("{FAE04EC0-301F-11D3-BF4B-00C04F79EFBC}") = "Api.DAL", "Api.DAL\Api.DAL.csproj", "{D65EA62D-191C-4D3B-AEFB-67034C6A10B3}"
EndProject
Global
	GlobalSection(SolutionConfigurationPlatforms) = preSolution
		Debug|Any CPU = Debug|Any CPU
		Release|Any CPU = Release|Any CPU
	EndGlobalSection
	GlobalSection(ProjectConfigurationPlatforms) = postSolution
		{90E636DB-64F9-4312-8187-29ACB35D0829}.Debug|Any CPU.ActiveCfg = Debug|Any CPU
		{90E636DB-64F9-4312-8187-29ACB35D0829}.Debug|Any CPU.Build.0 = Debug|Any CPU
		{90E636DB-64F9-4312-8187-29ACB35D0829}.Release|Any CPU.ActiveCfg = Release|Any CPU
		{90E636DB-64F9-4312-8187-29ACB35D0829}.Release|Any CPU.Build.0 = Release|Any CPU
		{D05FF737-20B6-4E99-85B7-B11E7B1AC2A3}.Debug|Any CPU.ActiveCfg = Debug|Any CPU
		{D05FF737-20B6-4E99-85B7-B11E7B1AC2A3}.Debug|Any CPU.Build.0 = Debug|Any CPU
		{D05FF737-20B6-4E99-85B7-B11E7B1AC2A3}.Release|Any CPU.ActiveCfg = Release|Any CPU
		{D05FF737-20B6-4E99-85B7-B11E7B1AC2A3}.Release|Any CPU.Build.0 = Release|Any CPU
		{D65EA62D-191C-4D3B-AEFB-67034C6A10B3}.Debug|Any CPU.ActiveCfg = Debug|Any CPU
		{D65EA62D-191C-4D3B-AEFB-67034C6A10B3}.Debug|Any CPU.Build.0 = Debug|Any CPU
		{D65EA62D-191C-4D3B-AEFB-67034C6A10B3}.Release|Any CPU.ActiveCfg = Release|Any CPU
		{D65EA62D-191C-4D3B-AEFB-67034C6A10B3}.Release|Any CPU.Build.0 = Release|Any CPU
	EndGlobalSection
	GlobalSection(SolutionProperties) = preSolution
		HideSolutionNode = FALSE
	EndGlobalSection
	GlobalSection(ExtensibilityGlobals) = postSolution
		SolutionGuid = {3F41331D-B1C1-4420-9464-B6603A958AE5}
	EndGlobalSection
EndGlobal
